PODS:
  - agora_rtc_engine (4.2.2):
    - AgoraRtcEngine_iOS (= 3.5.2)
    - Flutter
  - AgoraRtcEngine_iOS (3.5.2)
  - Flutter (1.0.0)
  - permission_handler_apple (9.1.1):
    - Flutter

DEPENDENCIES:
  - agora_rtc_engine (from `.symlinks/plugins/agora_rtc_engine/ios`)
  - Flutter (from `Flutter`)
  - permission_handler_apple (from `.symlinks/plugins/permission_handler_apple/ios`)

SPEC REPOS:
  trunk:
    - AgoraRtcEngine_iOS

EXTERNAL SOURCES:
  agora_rtc_engine:
    :path: ".symlinks/plugins/agora_rtc_engine/ios"
  Flutter:
    :path: Flutter
  permission_handler_apple:
    :path: ".symlinks/plugins/permission_handler_apple/ios"

SPEC CHECKSUMS:
  agora_rtc_engine: 8f2143405d2d444529a22a313eb0f4a213f1813e
  AgoraRtcEngine_iOS: 3d13806d67e401298558c9a6fb09340a4299afa2
  Flutter: f04841e97a9d0b0a8025694d0796dd46242b2854
  permission_handler_apple: e76247795d700c14ea09e3a2d8855d41ee80a2e6

PODFILE CHECKSUM: 0308639e386d20be2dd1ba1d20597bb0175ef6c0

COCOAPODS: 1.14.3
